
Microsoft Visual Studio Solution File, Format Version 12.00
# Visual Studio Version 17
VisualStudioVersion = 17.5.33516.290
MinimumVisualStudioVersion = 10.0.40219.1
Project("{FAE04EC0-301F-11D3-BF4B-00C04F79EFBC}") = "WpfAppCronometro", "WpfAppCronometro\WpfAppCronometro.csproj", "{AE5EFCC7-E04F-43AB-B0C5-C0C2E359E7FF}"
EndProject
Global
	GlobalSection(SolutionConfigurationPlatforms) = preSolution
		Debug|Any CPU = Debug|Any CPU
		Release|Any CPU = Release|Any CPU
	EndGlobalSection
	GlobalSection(ProjectConfigurationPlatforms) = postSolution
		{AE5EFCC7-E04F-43AB-B0C5-C0C2E359E7FF}.Debug|Any CPU.ActiveCfg = Debug|Any CPU
		{AE5EFCC7-E04F-43AB-B0C5-C0C2E359E7FF}.Debug|Any CPU.Build.0 = Debug|Any CPU
		{AE5EFCC7-E04F-43AB-B0C5-C0C2E359E7FF}.Release|Any CPU.ActiveCfg = Release|Any CPU
		{AE5EFCC7-E04F-43AB-B0C5-C0C2E359E7FF}.Release|Any CPU.Build.0 = Release|Any CPU
	EndGlobalSection
	GlobalSection(SolutionProperties) = preSolution
		HideSolutionNode = FALSE
	EndGlobalSection
	GlobalSection(ExtensibilityGlobals) = postSolution
		SolutionGuid = {F4A5289D-9E0F-42F1-9221-50359E1E35C0}
	EndGlobalSection
EndGlobal
